// !$*UTF8*$!
{
	archiveVersion = 1;
	classes = {
	};
	objectVersion = 46;
	objects = {

/* Begin PBXBuildFile section */
		D46284E11AE34E0D0078C3D4 /* AppDelegate.swift in Sources */ = {isa = PBXBuildFile; fileRef = D46284E01AE34E0D0078C3D4 /* AppDelegate.swift */; };
		D46284E31AE34E0D0078C3D4 /* ViewController.swift in Sources */ = {isa = PBXBuildFile; fileRef = D46284E21AE34E0D0078C3D4 /* ViewController.swift */; };
		D46284E61AE34E0D0078C3D4 /* Main.storyboard in Resources */ = {isa = PBXBuildFile; fileRef = D46284E41AE34E0D0078C3D4 /* Main.storyboard */; };
		D46284E81AE34E0D0078C3D4 /* Images.xcassets in Resources */ = {isa = PBXBuildFile; fileRef = D46284E71AE34E0D0078C3D4 /* Images.xcassets */; };
		D46284EB1AE34E0D0078C3D4 /* LaunchScreen.xib in Resources */ = {isa = PBXBuildFile; fileRef = D46284E91AE34E0D0078C3D4 /* LaunchScreen.xib */; };
		D46284F71AE34E0E0078C3D4 /* ConstrainedTextFieldDemoTests.swift in Sources */ = {isa = PBXBuildFile; fileRef = D46284F61AE34E0E0078C3D4 /* ConstrainedTextFieldDemoTests.swift */; };
		D46285011AE357C20078C3D4 /* StringUtils.swift in Sources */ = {isa = PBXBuildFile; fileRef = D46285001AE357C20078C3D4 /* StringUtils.swift */; };
/* End PBXBuildFile section */

/* Begin PBXContainerItemProxy section */
		D46284F11AE34E0D0078C3D4 /* PBXContainerItemProxy */ = {
			isa = PBXContainerItemProxy;
			containerPortal = D46284D31AE34E0D0078C3D4 /* Project object */;
			proxyType = 1;
			remoteGlobalIDString = D46284DA1AE34E0D0078C3D4;
			remoteInfo = ConstrainedTextFieldDemo;
		};
/* End PBXContainerItemProxy section */

/* Begin PBXFileReference section */
		D46284DB1AE34E0D0078C3D4 /* ConstrainedTextFieldDemo.app */ = {isa = PBXFileReference; explicitFileType = wrapper.application; includeInIndex = 0; path = ConstrainedTextFieldDemo.app; sourceTree = BUILT_PRODUCTS_DIR; };
		D46284DF1AE34E0D0078C3D4 /* Info.plist */ = {isa = PBXFileReference; lastKnownFileType = text.plist.xml; path = Info.plist; sourceTree = "<group>"; };
		D46284E01AE34E0D0078C3D4 /* AppDelegate.swift */ = {isa = PBXFileReference; lastKnownFileType = sourcecode.swift; path = AppDelegate.swift; sourceTree = "<group>"; };
		D46284E21AE34E0D0078C3D4 /* ViewController.swift */ = {isa = PBXFileReference; lastKnownFileType = sourcecode.swift; path = ViewController.swift; sourceTree = "<group>"; };
		D46284E51AE34E0D0078C3D4 /* Base */ = {isa = PBXFileReference; lastKnownFileType = file.storyboard; name = Base; path = Base.lproj/Main.storyboard; sourceTree = "<group>"; };
		D46284E71AE34E0D0078C3D4 /* Images.xcassets */ = {isa = PBXFileReference; lastKnownFileType = folder.assetcatalog; path = Images.xcassets; sourceTree = "<group>"; };
		D46284EA1AE34E0D0078C3D4 /* Base */ = {isa = PBXFileReference; lastKnownFileType = file.xib; name = Base; path = Base.lproj/LaunchScreen.xib; sourceTree = "<group>"; };
		D46284F01AE34E0D0078C3D4 /* ConstrainedTextFieldDemoTests.xctest */ = {isa = PBXFileReference; explicitFileType = wrapper.cfbundle; includeInIndex = 0; path = ConstrainedTextFieldDemoTests.xctest; sourceTree = BUILT_PRODUCTS_DIR; };
		D46284F51AE34E0D0078C3D4 /* Info.plist */ = {isa = PBXFileReference; lastKnownFileType = text.plist.xml; path = Info.plist; sourceTree = "<group>"; };
		D46284F61AE34E0E0078C3D4 /* ConstrainedTextFieldDemoTests.swift */ = {isa = PBXFileReference; lastKnownFileType = sourcecode.swift; path = ConstrainedTextFieldDemoTests.swift; sourceTree = "<group>"; };
		D46285001AE357C20078C3D4 /* StringUtils.swift */ = {isa = PBXFileReference; fileEncoding = 4; lastKnownFileType = sourcecode.swift; path = StringUtils.swift; sourceTree = "<group>"; };
/* End PBXFileReference section */

/* Begin PBXFrameworksBuildPhase section */
		D46284D81AE34E0D0078C3D4 /* Frameworks */ = {
			isa = PBXFrameworksBuildPhase;
			buildActionMask = 2147483647;
			files = (
			);
			runOnlyForDeploymentPostprocessing = 0;
		};
		D46284ED1AE34E0D0078C3D4 /* Frameworks */ = {
			isa = PBXFrameworksBuildPhase;
			buildActionMask = 2147483647;
			files = (
			);
			runOnlyForDeploymentPostprocessing = 0;
		};
/* End PBXFrameworksBuildPhase section */

/* Begin PBXGroup section */
		D46284D21AE34E0D0078C3D4 = {
			isa = PBXGroup;
			children = (
				D46284DD1AE34E0D0078C3D4 /* ConstrainedTextFieldDemo */,
				D46284F31AE34E0D0078C3D4 /* ConstrainedTextFieldDemoTests */,
				D46284DC1AE34E0D0078C3D4 /* Products */,
			);
			sourceTree = "<group>";
		};
		D46284DC1AE34E0D0078C3D4 /* Products */ = {
			isa = PBXGroup;
			children = (
				D46284DB1AE34E0D0078C3D4 /* ConstrainedTextFieldDemo.app */,
				D46284F01AE34E0D0078C3D4 /* ConstrainedTextFieldDemoTests.xctest */,
			);
			name = Products;
			sourceTree = "<group>";
		};
		D46284DD1AE34E0D0078C3D4 /* ConstrainedTextFieldDemo */ = {
			isa = PBXGroup;
			children = (
				D46284E01AE34E0D0078C3D4 /* AppDelegate.swift */,
				D46284E41AE34E0D0078C3D4 /* Main.storyboard */,
				D46284E21AE34E0D0078C3D4 /* ViewController.swift */,
				D46285001AE357C20078C3D4 /* StringUtils.swift */,
				D46284E71AE34E0D0078C3D4 /* Images.xcassets */,
				D46284E91AE34E0D0078C3D4 /* LaunchScreen.xib */,
				D46284DE1AE34E0D0078C3D4 /* Supporting Files */,
			);
			path = ConstrainedTextFieldDemo;
			sourceTree = "<group>";
		};
		D46284DE1AE34E0D0078C3D4 /* Supporting Files */ = {
			isa = PBXGroup;
			children = (
				D46284DF1AE34E0D0078C3D4 /* Info.plist */,
			);
			name = "Supporting Files";
			sourceTree = "<group>";
		};
		D46284F31AE34E0D0078C3D4 /* ConstrainedTextFieldDemoTests */ = {
			isa = PBXGroup;
			children = (
				D46284F61AE34E0E0078C3D4 /* ConstrainedTextFieldDemoTests.swift */,
				D46284F41AE34E0D0078C3D4 /* Supporting Files */,
			);
			path = ConstrainedTextFieldDemoTests;
			sourceTree = "<group>";
		};
		D46284F41AE34E0D0078C3D4 /* Supporting Files */ = {
			isa = PBXGroup;
			children = (
				D46284F51AE34E0D0078C3D4 /* Info.plist */,
			);
			name = "Supporting Files";
			sourceTree = "<group>";
		};
/* End PBXGroup section */

/* Begin PBXNativeTarget section */
		D46284DA1AE34E0D0078C3D4 /* ConstrainedTextFieldDemo */ = {
			isa = PBXNativeTarget;
			buildConfigurationList = D46284FA1AE34E0E0078C3D4 /* Build configuration list for PBXNativeTarget "ConstrainedTextFieldDemo" */;
			buildPhases = (
				D46284D71AE34E0D0078C3D4 /* Sources */,
				D46284D81AE34E0D0078C3D4 /* Frameworks */,
				D46284D91AE34E0D0078C3D4 /* Resources */,
			);
			buildRules = (
			);
			dependencies = (
			);
			name = ConstrainedTextFieldDemo;
			productName = ConstrainedTextFieldDemo;
			productReference = D46284DB1AE34E0D0078C3D4 /* ConstrainedTextFieldDemo.app */;
			productType = "com.apple.product-type.application";
		};
		D46284EF1AE34E0D0078C3D4 /* ConstrainedTextFieldDemoTests */ = {
			isa = PBXNativeTarget;
			buildConfigurationList = D46284FD1AE34E0E0078C3D4 /* Build configuration list for PBXNativeTarget "ConstrainedTextFieldDemoTests" */;
			buildPhases = (
				D46284EC1AE34E0D0078C3D4 /* Sources */,
				D46284ED1AE34E0D0078C3D4 /* Frameworks */,
				D46284EE1AE34E0D0078C3D4 /* Resources */,
			);
			buildRules = (
			);
			dependencies = (
				D46284F21AE34E0D0078C3D4 /* PBXTargetDependency */,
			);
			name = ConstrainedTextFieldDemoTests;
			productName = ConstrainedTextFieldDemoTests;
			productReference = D46284F01AE34E0D0078C3D4 /* ConstrainedTextFieldDemoTests.xctest */;
			productType = "com.apple.product-type.bundle.unit-test";
		};
/* End PBXNativeTarget section */

/* Begin PBXProject section */
		D46284D31AE34E0D0078C3D4 /* Project object */ = {
			isa = PBXProject;
			attributes = {
				LastSwiftMigration = 0700;
				LastSwiftUpdateCheck = 0700;
				LastUpgradeCheck = 0630;
				ORGANIZATIONNAME = "Global Nerdy";
				TargetAttributes = {
					D46284DA1AE34E0D0078C3D4 = {
						CreatedOnToolsVersion = 6.3;
					};
					D46284EF1AE34E0D0078C3D4 = {
						CreatedOnToolsVersion = 6.3;
						TestTargetID = D46284DA1AE34E0D0078C3D4;
					};
				};
			};
			buildConfigurationList = D46284D61AE34E0D0078C3D4 /* Build configuration list for PBXProject "ConstrainedTextFieldDemo" */;
			compatibilityVersion = "Xcode 3.2";
			developmentRegion = English;
			hasScannedForEncodings = 0;
			knownRegions = (
				en,
				Base,
			);
			mainGroup = D46284D21AE34E0D0078C3D4;
			productRefGroup = D46284DC1AE34E0D0078C3D4 /* Products */;
			projectDirPath = "";
			projectRoot = "";
			targets = (
				D46284DA1AE34E0D0078C3D4 /* ConstrainedTextFieldDemo */,
				D46284EF1AE34E0D0078C3D4 /* ConstrainedTextFieldDemoTests */,
			);
		};
/* End PBXProject section */

/* Begin PBXResourcesBuildPhase section */
		D46284D91AE34E0D0078C3D4 /* Resources */ = {
			isa = PBXResourcesBuildPhase;
			buildActionMask = 2147483647;
			files = (
				D46284E61AE34E0D0078C3D4 /* Main.storyboard in Resources */,
				D46284EB1AE34E0D0078C3D4 /* LaunchScreen.xib in Resources */,
				D46284E81AE34E0D0078C3D4 /* Images.xcassets in Resources */,
			);
			runOnlyForDeploymentPostprocessing = 0;
		};
		D46284EE1AE34E0D0078C3D4 /* Resources */ = {
			isa = PBXResourcesBuildPhase;
			buildActionMask = 2147483647;
			files = (
			);
			runOnlyForDeploymentPostprocessing = 0;
		};
/* End PBXResourcesBuildPhase section */

/* Begin PBXSourcesBuildPhase section */
		D46284D71AE34E0D0078C3D4 /* Sources */ = {
			isa = PBXSourcesBuildPhase;
			buildActionMask = 2147483647;
			files = (
				D46285011AE357C20078C3D4 /* StringUtils.swift in Sources */,
				D46284E31AE34E0D0078C3D4 /* ViewController.swift in Sources */,
				D46284E11AE34E0D0078C3D4 /* AppDelegate.swift in Sources */,
			);
			runOnlyForDeploymentPostprocessing = 0;
		};
		D46284EC1AE34E0D0078C3D4 /* Sources */ = {
			isa = PBXSourcesBuildPhase;
			buildActionMask = 2147483647;
			files = (
				D46284F71AE34E0E0078C3D4 /* ConstrainedTextFieldDemoTests.swift in Sources */,
			);
			runOnlyForDeploymentPostprocessing = 0;
		};
/* End PBXSourcesBuildPhase section */

/* Begin PBXTargetDependency section */
		D46284F21AE34E0D0078C3D4 /* PBXTargetDependency */ = {
			isa = PBXTargetDependency;
			target = D46284DA1AE34E0D0078C3D4 /* ConstrainedTextFieldDemo */;
			targetProxy = D46284F11AE34E0D0078C3D4 /* PBXContainerItemProxy */;
		};
/* End PBXTargetDependency section */

/* Begin PBXVariantGroup section */
		D46284E41AE34E0D0078C3D4 /* Main.storyboard */ = {
			isa = PBXVariantGroup;
			children = (
				D46284E51AE34E0D0078C3D4 /* Base */,
			);
			name = Main.storyboard;
			sourceTree = "<group>";
		};
		D46284E91AE34E0D0078C3D4 /* LaunchScreen.xib */ = {
			isa = PBXVariantGroup;
			children = (
				D46284EA1AE34E0D0078C3D4 /* Base */,
			);
			name = LaunchScreen.xib;
			sourceTree = "<group>";
		};
/* End PBXVariantGroup section */

/* Begin XCBuildConfiguration section */
		D46284F81AE34E0E0078C3D4 /* Debug */ = {
			isa = XCBuildConfiguration;
			buildSettings = {
				ALWAYS_SEARCH_USER_PATHS = NO;
				CLANG_CXX_LANGUAGE_STANDARD = "gnu++0x";
				CLANG_CXX_LIBRARY = "libc++";
				CLANG_ENABLE_MODULES = YES;
				CLANG_ENABLE_OBJC_ARC = YES;
				CLANG_WARN_BOOL_CONVERSION = YES;
				CLANG_WARN_CONSTANT_CONVERSION = YES;
				CLANG_WARN_DIRECT_OBJC_ISA_USAGE = YES_ERROR;
				CLANG_WARN_EMPTY_BODY = YES;
				CLANG_WARN_ENUM_CONVERSION = YES;
				CLANG_WARN_INT_CONVERSION = YES;
				CLANG_WARN_OBJC_ROOT_CLASS = YES_ERROR;
				CLANG_WARN_UNREACHABLE_CODE = YES;
				CLANG_WARN__DUPLICATE_METHOD_MATCH = YES;
				"CODE_SIGN_IDENTITY[sdk=iphoneos*]" = "iPhone Developer";
				COPY_PHASE_STRIP = NO;
				DEBUG_INFORMATION_FORMAT = "dwarf-with-dsym";
				ENABLE_STRICT_OBJC_MSGSEND = YES;
				GCC_C_LANGUAGE_STANDARD = gnu99;
				GCC_DYNAMIC_NO_PIC = NO;
				GCC_NO_COMMON_BLOCKS = YES;
				GCC_OPTIMIZATION_LEVEL = 0;
				GCC_PREPROCESSOR_DEFINITIONS = (
					"DEBUG=1",
					"$(inherited)",
				);
				GCC_SYMBOLS_PRIVATE_EXTERN = NO;
				GCC_WARN_64_TO_32_BIT_CONVERSION = YES;
				GCC_WARN_ABOUT_RETURN_TYPE = YES_ERROR;
				GCC_WARN_UNDECLARED_SELECTOR = YES;
				GCC_WARN_UNINITIALIZED_AUTOS = YES_AGGRESSIVE;
				GCC_WARN_UNUSED_FUNCTION = YES;
				GCC_WARN_UNUSED_VARIABLE = YES;
				IPHONEOS_DEPLOYMENT_TARGET = 8.3;
				MTL_ENABLE_DEBUG_INFO = YES;
				ONLY_ACTIVE_ARCH = YES;
				SDKROOT = iphoneos;
				SWIFT_OPTIMIZATION_LEVEL = "-Onone";
				TARGETED_DEVICE_FAMILY = "1,2";
			};
			name = Debug;
		};
		D46284F91AE34E0E0078C3D4 /* Release */ = {
			isa = XCBuildConfiguration;
			buildSettings = {
				ALWAYS_SEARCH_USER_PATHS = NO;
				CLANG_CXX_LANGUAGE_STANDARD = "gnu++0x";
				CLANG_CXX_LIBRARY = "libc++";
				CLANG_ENABLE_MODULES = YES;
				CLANG_ENABLE_OBJC_ARC = YES;
				CLANG_WARN_BOOL_CONVERSION = YES;
				CLANG_WARN_CONSTANT_CONVERSION = YES;
				CLANG_WARN_DIRECT_OBJC_ISA_USAGE = YES_ERROR;
				CLANG_WARN_EMPTY_BODY = YES;
				CLANG_WARN_ENUM_CONVERSION = YES;
				CLANG_WARN_INT_CONVERSION = YES;
				CLANG_WARN_OBJC_ROOT_CLASS = YES_ERROR;
				CLANG_WARN_UNREACHABLE_CODE = YES;
				CLANG_WARN__DUPLICATE_METHOD_MATCH = YES;
				"CODE_SIGN_IDENTITY[sdk=iphoneos*]" = "iPhone Developer";
				COPY_PHASE_STRIP = NO;
				DEBUG_INFORMATION_FORMAT = "dwarf-with-dsym";
				ENABLE_NS_ASSERTIONS = NO;
				ENABLE_STRICT_OBJC_MSGSEND = YES;
				GCC_C_LANGUAGE_STANDARD = gnu99;
				GCC_NO_COMMON_BLOCKS = YES;
				GCC_WARN_64_TO_32_BIT_CONVERSION = YES;
				GCC_WARN_ABOUT_RETURN_TYPE = YES_ERROR;
				GCC_WARN_UNDECLARED_SELECTOR = YES;
				GCC_WARN_UNINITIALIZED_AUTOS = YES_AGGRESSIVE;
				GCC_WARN_UNUSED_FUNCTION = YES;
				GCC_WARN_UNUSED_VARIABLE = YES;
				IPHONEOS_DEPLOYMENT_TARGET = 8.3;
				MTL_ENABLE_DEBUG_INFO = NO;
				SDKROOT = iphoneos;
				TARGETED_DEVICE_FAMILY = "1,2";
				VALIDATE_PRODUCT = YES;
			};
			name = Release;
		};
		D46284FB1AE34E0E0078C3D4 /* Debug */ = {
			isa = XCBuildConfiguration;
			buildSettings = {
				ASSETCATALOG_COMPILER_APPICON_NAME = AppIcon;
				INFOPLIST_FILE = ConstrainedTextFieldDemo/Info.plist;
				LD_RUNPATH_SEARCH_PATHS = "$(inherited) @executable_path/Frameworks";
				PRODUCT_NAME = "$(TARGET_NAME)";
			};
			name = Debug;
		};
		D46284FC1AE34E0E0078C3D4 /* Release */ = {
			isa = XCBuildConfiguration;
			buildSettings = {
				ASSETCATALOG_COMPILER_APPICON_NAME = AppIcon;
				INFOPLIST_FILE = ConstrainedTextFieldDemo/Info.plist;
				LD_RUNPATH_SEARCH_PATHS = "$(inherited) @executable_path/Frameworks";
				PRODUCT_NAME = "$(TARGET_NAME)";
			};
			name = Release;
		};
		D46284FE1AE34E0E0078C3D4 /* Debug */ = {
			isa = XCBuildConfiguration;
			buildSettings = {
				BUNDLE_LOADER = "$(TEST_HOST)";
				FRAMEWORK_SEARCH_PATHS = (
					"$(SDKROOT)/Developer/Library/Frameworks",
					"$(inherited)",
				);
				GCC_PREPROCESSOR_DEFINITIONS = (
					"DEBUG=1",
					"$(inherited)",
				);
				INFOPLIST_FILE = ConstrainedTextFieldDemoTests/Info.plist;
				LD_RUNPATH_SEARCH_PATHS = "$(inherited) @executable_path/Frameworks @loader_path/Frameworks";
				PRODUCT_NAME = "$(TARGET_NAME)";
				TEST_HOST = "$(BUILT_PRODUCTS_DIR)/ConstrainedTextFieldDemo.app/ConstrainedTextFieldDemo";
			};
			name = Debug;
		};
		D46284FF1AE34E0E0078C3D4 /* Release */ = {
			isa = XCBuildConfiguration;
			buildSettings = {
				BUNDLE_LOADER = "$(TEST_HOST)";
				FRAMEWORK_SEARCH_PATHS = (
					"$(SDKROOT)/Developer/Library/Frameworks",
					"$(inherited)",
				);
				INFOPLIST_FILE = ConstrainedTextFieldDemoTests/Info.plist;
				LD_RUNPATH_SEARCH_PATHS = "$(inherited) @executable_path/Frameworks @loader_path/Frameworks";
				PRODUCT_NAME = "$(TARGET_NAME)";
				TEST_HOST = "$(BUILT_PRODUCTS_DIR)/ConstrainedTextFieldDemo.app/ConstrainedTextFieldDemo";
			};
			name = Release;
		};
/* End XCBuildConfiguration section */

/* Begin XCConfigurationList section */
		D46284D61AE34E0D0078C3D4 /* Build configuration list for PBXProject "ConstrainedTextFieldDemo" */ = {
			isa = XCConfigurationList;
			buildConfigurations = (
				D46284F81AE34E0E0078C3D4 /* Debug */,
				D46284F91AE34E0E0078C3D4 /* Release */,
			);
			defaultConfigurationIsVisible = 0;
			defaultConfigurationName = Release;
		};
		D46284FA1AE34E0E0078C3D4 /* Build configuration list for PBXNativeTarget "ConstrainedTextFieldDemo" */ = {
			isa = XCConfigurationList;
			buildConfigurations = (
				D46284FB1AE34E0E0078C3D4 /* Debug */,
				D46284FC1AE34E0E0078C3D4 /* Release */,
			);
			defaultConfigurationIsVisible = 0;
			defaultConfigurationName = Release;
		};
		D46284FD1AE34E0E0078C3D4 /* Build configuration list for PBXNativeTarget "ConstrainedTextFieldDemoTests" */ = {
			isa = XCConfigurationList;
			buildConfigurations = (
				D46284FE1AE34E0E0078C3D4 /* Debug */,
				D46284FF1AE34E0E0078C3D4 /* Release */,
			);
			defaultConfigurationIsVisible = 0;
			defaultConfigurationName = Release;
		};
/* End XCConfigurationList section */
	};
	rootObject = D46284D31AE34E0D0078C3D4 /* Project object */;
}
